
Microsoft Visual Studio Solution File, Format Version 12.00
# Visual Studio Version 17
VisualStudioVersion = 17.11.35312.102
MinimumVisualStudioVersion = 10.0.40219.1
Project("{FAE04EC0-301F-11D3-BF4B-00C04F79EFBC}") = "MYGAS", "MYGAS\MYGAS.csproj", "{E8B1530A-CF5C-4487-A0BA-0442D563692E}"
EndProject
Global
	GlobalSection(SolutionConfigurationPlatforms) = preSolution
		Debug|Any CPU = Debug|Any CPU
		Release|Any CPU = Release|Any CPU
	EndGlobalSection
	GlobalSection(ProjectConfigurationPlatforms) = postSolution
		{E8B1530A-CF5C-4487-A0BA-0442D563692E}.Debug|Any CPU.ActiveCfg = Debug|Any CPU
		{E8B1530A-CF5C-4487-A0BA-0442D563692E}.Debug|Any CPU.Build.0 = Debug|Any CPU
		{E8B1530A-CF5C-4487-A0BA-0442D563692E}.Debug|Any CPU.Deploy.0 = Debug|Any CPU
		{E8B1530A-CF5C-4487-A0BA-0442D563692E}.Release|Any CPU.ActiveCfg = Release|Any CPU
		{E8B1530A-CF5C-4487-A0BA-0442D563692E}.Release|Any CPU.Build.0 = Release|Any CPU
		{E8B1530A-CF5C-4487-A0BA-0442D563692E}.Release|Any CPU.Deploy.0 = Release|Any CPU
	EndGlobalSection
	GlobalSection(SolutionProperties) = preSolution
		HideSolutionNode = FALSE
	EndGlobalSection
	GlobalSection(ExtensibilityGlobals) = postSolution
		SolutionGuid = {6C2F8D36-A062-413A-9F5B-A97CA7D5547D}
	EndGlobalSection
EndGlobal
